
Microsoft Visual Studio Solution File, Format Version 12.00
# Visual Studio Version 17
VisualStudioVersion = 17.9.34607.119
MinimumVisualStudioVersion = 10.0.40219.1
Project("{FAE04EC0-301F-11D3-BF4B-00C04F79EFBC}") = "ListStudents", "ListStudents\ListStudents.csproj", "{BFE667C6-E9C7-478C-9BF2-EA049FA1F75D}"
EndProject
Global
	GlobalSection(SolutionConfigurationPlatforms) = preSolution
		Debug|Any CPU = Debug|Any CPU
		Release|Any CPU = Release|Any CPU
	EndGlobalSection
	GlobalSection(ProjectConfigurationPlatforms) = postSolution
		{BFE667C6-E9C7-478C-9BF2-EA049FA1F75D}.Debug|Any CPU.ActiveCfg = Debug|Any CPU
		{BFE667C6-E9C7-478C-9BF2-EA049FA1F75D}.Debug|Any CPU.Build.0 = Debug|Any CPU
		{BFE667C6-E9C7-478C-9BF2-EA049FA1F75D}.Release|Any CPU.ActiveCfg = Release|Any CPU
		{BFE667C6-E9C7-478C-9BF2-EA049FA1F75D}.Release|Any CPU.Build.0 = Release|Any CPU
	EndGlobalSection
	GlobalSection(SolutionProperties) = preSolution
		HideSolutionNode = FALSE
	EndGlobalSection
	GlobalSection(ExtensibilityGlobals) = postSolution
		SolutionGuid = {63461215-E471-425B-A62B-EEB231A6F482}
	EndGlobalSection
EndGlobal
